
Microsoft Visual Studio Solution File, Format Version 12.00
# Visual Studio Version 17
VisualStudioVersion = 17.13.35825.156 d17.13
MinimumVisualStudioVersion = 10.0.40219.1
Project("{FAE04EC0-301F-11D3-BF4B-00C04F79EFBC}") = "ProjetoOlimpiadas", "ProjetoOlimpiadas\ProjetoOlimpiadas.csproj", "{78C62C24-F398-4765-A296-8EA4487A96FC}"
EndProject
Global
	GlobalSection(SolutionConfigurationPlatforms) = preSolution
		Debug|Any CPU = Debug|Any CPU
		Release|Any CPU = Release|Any CPU
	EndGlobalSection
	GlobalSection(ProjectConfigurationPlatforms) = postSolution
		{78C62C24-F398-4765-A296-8EA4487A96FC}.Debug|Any CPU.ActiveCfg = Debug|Any CPU
		{78C62C24-F398-4765-A296-8EA4487A96FC}.Debug|Any CPU.Build.0 = Debug|Any CPU
		{78C62C24-F398-4765-A296-8EA4487A96FC}.Release|Any CPU.ActiveCfg = Release|Any CPU
		{78C62C24-F398-4765-A296-8EA4487A96FC}.Release|Any CPU.Build.0 = Release|Any CPU
	EndGlobalSection
	GlobalSection(SolutionProperties) = preSolution
		HideSolutionNode = FALSE
	EndGlobalSection
	GlobalSection(ExtensibilityGlobals) = postSolution
		SolutionGuid = {4CD29E89-84D6-4F39-91C8-409CE697EB1C}
	EndGlobalSection
EndGlobal
